
Microsoft Visual Studio Solution File, Format Version 12.00
# Visual Studio 15
VisualStudioVersion = 15.0.28307.168
MinimumVisualStudioVersion = 10.0.40219.1
Project("{FAE04EC0-301F-11D3-BF4B-00C04F79EFBC}") = "MultiLangSample", "MultiLangSample.csproj", "{DC674DF9-1DCF-4E16-8143-DC7A865A0EC2}"
EndProject
Global
	GlobalSection(SolutionConfigurationPlatforms) = preSolution
		Debug|Any CPU = Debug|Any CPU
		Release|Any CPU = Release|Any CPU
	EndGlobalSection
	GlobalSection(ProjectConfigurationPlatforms) = postSolution
		{DC674DF9-1DCF-4E16-8143-DC7A865A0EC2}.Debug|Any CPU.ActiveCfg = Debug|Any CPU
		{DC674DF9-1DCF-4E16-8143-DC7A865A0EC2}.Debug|Any CPU.Build.0 = Debug|Any CPU
		{DC674DF9-1DCF-4E16-8143-DC7A865A0EC2}.Release|Any CPU.ActiveCfg = Release|Any CPU
		{DC674DF9-1DCF-4E16-8143-DC7A865A0EC2}.Release|Any CPU.Build.0 = Release|Any CPU
	EndGlobalSection
	GlobalSection(SolutionProperties) = preSolution
		HideSolutionNode = FALSE
	EndGlobalSection
	GlobalSection(ExtensibilityGlobals) = postSolution
		SolutionGuid = {5BDE4BDA-01CA-46C7-A90E-B2D4500D2CDC}
	EndGlobalSection
EndGlobal
